
Microsoft Visual Studio Solution File, Format Version 12.00
# Visual Studio Version 17
VisualStudioVersion = 17.14.36518.9
MinimumVisualStudioVersion = 10.0.40219.1
Project("{FAE04EC0-301F-11D3-BF4B-00C04F79EFBC}") = "MiniHttpServerEgor", "MiniHttpServerEgor\MiniHttpServerEgor.csproj", "{6EBEA40F-97A5-4A5D-91E3-4B9D1E61925B}"
EndProject
Project("{2150E333-8FDC-42A3-9474-1A3956D46DE8}") = "Homework2", "Homework2", "{36D591C7-65C7-A0D1-1CBC-10CDE441BDC8}"
EndProject
Global
	GlobalSection(SolutionConfigurationPlatforms) = preSolution
		Debug|Any CPU = Debug|Any CPU
		Release|Any CPU = Release|Any CPU
	EndGlobalSection
	GlobalSection(ProjectConfigurationPlatforms) = postSolution
		{6EBEA40F-97A5-4A5D-91E3-4B9D1E61925B}.Debug|Any CPU.ActiveCfg = Debug|Any CPU
		{6EBEA40F-97A5-4A5D-91E3-4B9D1E61925B}.Debug|Any CPU.Build.0 = Debug|Any CPU
		{6EBEA40F-97A5-4A5D-91E3-4B9D1E61925B}.Release|Any CPU.ActiveCfg = Release|Any CPU
		{6EBEA40F-97A5-4A5D-91E3-4B9D1E61925B}.Release|Any CPU.Build.0 = Release|Any CPU
	EndGlobalSection
	GlobalSection(SolutionProperties) = preSolution
		HideSolutionNode = FALSE
	EndGlobalSection
	GlobalSection(NestedProjects) = preSolution
		{6EBEA40F-97A5-4A5D-91E3-4B9D1E61925B} = {36D591C7-65C7-A0D1-1CBC-10CDE441BDC8}
	EndGlobalSection
	GlobalSection(ExtensibilityGlobals) = postSolution
		SolutionGuid = {3E54F3EC-9360-41DC-B1C6-3AD27E92E382}
	EndGlobalSection
EndGlobal
